{
  "name": "nextjs-whatsapp-clone-starter",
  "lockfileVersion": 3,
  "requires": true,
  "packages": {
    "": {
      "dependencies": {
        "wavesurfer.js": "^7.5.4"
      }
    },
    "node_modules/wavesurfer.js": {
      "version": "7.5.4",
      "resolved": "https://registry.npmjs.org/wavesurfer.js/-/wavesurfer.js-7.5.4.tgz",
      "integrity": "sha512-GdqojZTe/jHltIaF0d1XbodqHX5t6RQxWykvueV+MUWA/A7xPsXeDZzhgADEoyhbdjxt4Y2+8H0WxzXL1PlsHA=="
    }
  }
}
